
Microsoft Visual Studio Solution File, Format Version 12.00
# Visual Studio Version 16
VisualStudioVersion = 16.0.30717.126
MinimumVisualStudioVersion = 10.0.40219.1
Project("{9A19103F-16F7-4668-BE54-9A1E7A4F7556}") = "AbstractFactory", "AbstractFactory.csproj", "{FE50C9E4-2659-433E-94D1-B980A8749CF7}"
EndProject
Global
	GlobalSection(SolutionConfigurationPlatforms) = preSolution
		Debug|Any CPU = Debug|Any CPU
		Release|Any CPU = Release|Any CPU
	EndGlobalSection
	GlobalSection(ProjectConfigurationPlatforms) = postSolution
		{FE50C9E4-2659-433E-94D1-B980A8749CF7}.Debug|Any CPU.ActiveCfg = Debug|Any CPU
		{FE50C9E4-2659-433E-94D1-B980A8749CF7}.Debug|Any CPU.Build.0 = Debug|Any CPU
		{FE50C9E4-2659-433E-94D1-B980A8749CF7}.Release|Any CPU.ActiveCfg = Release|Any CPU
		{FE50C9E4-2659-433E-94D1-B980A8749CF7}.Release|Any CPU.Build.0 = Release|Any CPU
	EndGlobalSection
	GlobalSection(SolutionProperties) = preSolution
		HideSolutionNode = FALSE
	EndGlobalSection
	GlobalSection(ExtensibilityGlobals) = postSolution
		SolutionGuid = {F5431D32-41BA-4F74-A1D6-B346AF3D432C}
	EndGlobalSection
EndGlobal
